
Microsoft Visual Studio Solution File, Format Version 12.00
# Visual Studio Version 17
VisualStudioVersion = 17.14.36623.8
MinimumVisualStudioVersion = 10.0.40219.1
Project("{FAE04EC0-301F-11D3-BF4B-00C04F79EFBC}") = "4A - Watermelon", "4A - Watermelon\4A - Watermelon.csproj", "{B3CFD384-37B7-4B24-8BB0-EB75BF456E3B}"
EndProject
Project("{FAE04EC0-301F-11D3-BF4B-00C04F79EFBC}") = "282A - Bit++", "282A - Bit++\282A - Bit++.csproj", "{63261464-6E57-49B9-8472-87285D10F48F}"
EndProject
Project("{FAE04EC0-301F-11D3-BF4B-00C04F79EFBC}") = "263A - Beautiful Matrix", "263A - Beautiful Matrix\263A - Beautiful Matrix.csproj", "{51C2943A-44DB-4834-8815-698AEAFBB243}"
EndProject
Project("{FAE04EC0-301F-11D3-BF4B-00C04F79EFBC}") = "71A - Way Too Long Words", "71A - Way Too Long Words\71A - Way Too Long Words.csproj", "{242A3FB8-38C3-44A2-865E-CF6E550A1519}"
EndProject
Project("{FAE04EC0-301F-11D3-BF4B-00C04F79EFBC}") = "112A - Petya and Strings", "112A - Petya and Strings\112A - Petya and Strings.csproj", "{6E5A6ED6-59A4-45CC-B3BC-3F45E2806D13}"
EndProject
Project("{FAE04EC0-301F-11D3-BF4B-00C04F79EFBC}") = "118A - String Task", "118A - String Task\118A - String Task.csproj", "{3465A71F-B6C9-40AF-A467-539A205880BE}"
EndProject
Project("{FAE04EC0-301F-11D3-BF4B-00C04F79EFBC}") = "339A - Helpful Maths", "339A - Helpful Maths\339A - Helpful Maths.csproj", "{3A6F1E45-5300-4D8C-A884-3B316F0678AD}"
EndProject
Project("{FAE04EC0-301F-11D3-BF4B-00C04F79EFBC}") = "266A - Stones on the Table", "266A - Stones on the Table\266A - Stones on the Table.csproj", "{8D693634-8552-4482-A69C-03C9100EBA69}"
EndProject
Project("{FAE04EC0-301F-11D3-BF4B-00C04F79EFBC}") = "236A - Boy or Girl", "236A - Boy or Girl\236A - Boy or Girl.csproj", "{D05E245C-4ED8-4C2C-BABE-CF3CF6D6E35D}"
EndProject
Global
	GlobalSection(SolutionConfigurationPlatforms) = preSolution
		Debug|Any CPU = Debug|Any CPU
		Release|Any CPU = Release|Any CPU
	EndGlobalSection
	GlobalSection(ProjectConfigurationPlatforms) = postSolution
		{B3CFD384-37B7-4B24-8BB0-EB75BF456E3B}.Debug|Any CPU.ActiveCfg = Debug|Any CPU
		{B3CFD384-37B7-4B24-8BB0-EB75BF456E3B}.Debug|Any CPU.Build.0 = Debug|Any CPU
		{B3CFD384-37B7-4B24-8BB0-EB75BF456E3B}.Release|Any CPU.ActiveCfg = Release|Any CPU
		{B3CFD384-37B7-4B24-8BB0-EB75BF456E3B}.Release|Any CPU.Build.0 = Release|Any CPU
		{63261464-6E57-49B9-8472-87285D10F48F}.Debug|Any CPU.ActiveCfg = Debug|Any CPU
		{63261464-6E57-49B9-8472-87285D10F48F}.Debug|Any CPU.Build.0 = Debug|Any CPU
		{63261464-6E57-49B9-8472-87285D10F48F}.Release|Any CPU.ActiveCfg = Release|Any CPU
		{63261464-6E57-49B9-8472-87285D10F48F}.Release|Any CPU.Build.0 = Release|Any CPU
		{51C2943A-44DB-4834-8815-698AEAFBB243}.Debug|Any CPU.ActiveCfg = Debug|Any CPU
		{51C2943A-44DB-4834-8815-698AEAFBB243}.Debug|Any CPU.Build.0 = Debug|Any CPU
		{51C2943A-44DB-4834-8815-698AEAFBB243}.Release|Any CPU.ActiveCfg = Release|Any CPU
		{51C2943A-44DB-4834-8815-698AEAFBB243}.Release|Any CPU.Build.0 = Release|Any CPU
		{242A3FB8-38C3-44A2-865E-CF6E550A1519}.Debug|Any CPU.ActiveCfg = Debug|Any CPU
		{242A3FB8-38C3-44A2-865E-CF6E550A1519}.Debug|Any CPU.Build.0 = Debug|Any CPU
		{242A3FB8-38C3-44A2-865E-CF6E550A1519}.Release|Any CPU.ActiveCfg = Release|Any CPU
		{242A3FB8-38C3-44A2-865E-CF6E550A1519}.Release|Any CPU.Build.0 = Release|Any CPU
		{6E5A6ED6-59A4-45CC-B3BC-3F45E2806D13}.Debug|Any CPU.ActiveCfg = Debug|Any CPU
		{6E5A6ED6-59A4-45CC-B3BC-3F45E2806D13}.Debug|Any CPU.Build.0 = Debug|Any CPU
		{6E5A6ED6-59A4-45CC-B3BC-3F45E2806D13}.Release|Any CPU.ActiveCfg = Release|Any CPU
		{6E5A6ED6-59A4-45CC-B3BC-3F45E2806D13}.Release|Any CPU.Build.0 = Release|Any CPU
		{3465A71F-B6C9-40AF-A467-539A205880BE}.Debug|Any CPU.ActiveCfg = Debug|Any CPU
		{3465A71F-B6C9-40AF-A467-539A205880BE}.Debug|Any CPU.Build.0 = Debug|Any CPU
		{3465A71F-B6C9-40AF-A467-539A205880BE}.Release|Any CPU.ActiveCfg = Release|Any CPU
		{3465A71F-B6C9-40AF-A467-539A205880BE}.Release|Any CPU.Build.0 = Release|Any CPU
		{3A6F1E45-5300-4D8C-A884-3B316F0678AD}.Debug|Any CPU.ActiveCfg = Debug|Any CPU
		{3A6F1E45-5300-4D8C-A884-3B316F0678AD}.Debug|Any CPU.Build.0 = Debug|Any CPU
		{3A6F1E45-5300-4D8C-A884-3B316F0678AD}.Release|Any CPU.ActiveCfg = Release|Any CPU
		{3A6F1E45-5300-4D8C-A884-3B316F0678AD}.Release|Any CPU.Build.0 = Release|Any CPU
		{8D693634-8552-4482-A69C-03C9100EBA69}.Debug|Any CPU.ActiveCfg = Debug|Any CPU
		{8D693634-8552-4482-A69C-03C9100EBA69}.Debug|Any CPU.Build.0 = Debug|Any CPU
		{8D693634-8552-4482-A69C-03C9100EBA69}.Release|Any CPU.ActiveCfg = Release|Any CPU
		{8D693634-8552-4482-A69C-03C9100EBA69}.Release|Any CPU.Build.0 = Release|Any CPU
		{D05E245C-4ED8-4C2C-BABE-CF3CF6D6E35D}.Debug|Any CPU.ActiveCfg = Debug|Any CPU
		{D05E245C-4ED8-4C2C-BABE-CF3CF6D6E35D}.Debug|Any CPU.Build.0 = Debug|Any CPU
		{D05E245C-4ED8-4C2C-BABE-CF3CF6D6E35D}.Release|Any CPU.ActiveCfg = Release|Any CPU
		{D05E245C-4ED8-4C2C-BABE-CF3CF6D6E35D}.Release|Any CPU.Build.0 = Release|Any CPU
	EndGlobalSection
	GlobalSection(SolutionProperties) = preSolution
		HideSolutionNode = FALSE
	EndGlobalSection
	GlobalSection(ExtensibilityGlobals) = postSolution
		SolutionGuid = {00D10ADB-061D-4C39-9372-D3BDE26ED56B}
	EndGlobalSection
EndGlobal
