
Microsoft Visual Studio Solution File, Format Version 12.00
# Visual Studio Version 17
VisualStudioVersion = 17.14.36623.8
MinimumVisualStudioVersion = 10.0.40219.1
Project("{FAE04EC0-301F-11D3-BF4B-00C04F79EFBC}") = "Task_01", "Task_01\Task_01.csproj", "{5D736914-F411-4306-86AB-32C4B664977F}"
EndProject
Project("{FAE04EC0-301F-11D3-BF4B-00C04F79EFBC}") = "Task_02", "Task_02\Task_02.csproj", "{FBB9D4BE-419C-48B6-BF57-2BE72B14E696}"
EndProject
Global
	GlobalSection(SolutionConfigurationPlatforms) = preSolution
		Debug|Any CPU = Debug|Any CPU
		Release|Any CPU = Release|Any CPU
	EndGlobalSection
	GlobalSection(ProjectConfigurationPlatforms) = postSolution
		{5D736914-F411-4306-86AB-32C4B664977F}.Debug|Any CPU.ActiveCfg = Debug|Any CPU
		{5D736914-F411-4306-86AB-32C4B664977F}.Debug|Any CPU.Build.0 = Debug|Any CPU
		{5D736914-F411-4306-86AB-32C4B664977F}.Release|Any CPU.ActiveCfg = Release|Any CPU
		{5D736914-F411-4306-86AB-32C4B664977F}.Release|Any CPU.Build.0 = Release|Any CPU
		{FBB9D4BE-419C-48B6-BF57-2BE72B14E696}.Debug|Any CPU.ActiveCfg = Debug|Any CPU
		{FBB9D4BE-419C-48B6-BF57-2BE72B14E696}.Debug|Any CPU.Build.0 = Debug|Any CPU
		{FBB9D4BE-419C-48B6-BF57-2BE72B14E696}.Release|Any CPU.ActiveCfg = Release|Any CPU
		{FBB9D4BE-419C-48B6-BF57-2BE72B14E696}.Release|Any CPU.Build.0 = Release|Any CPU
	EndGlobalSection
	GlobalSection(SolutionProperties) = preSolution
		HideSolutionNode = FALSE
	EndGlobalSection
	GlobalSection(ExtensibilityGlobals) = postSolution
		SolutionGuid = {B59A619B-936A-451F-8E4B-74670B69936E}
	EndGlobalSection
EndGlobal
